
Microsoft Visual Studio Solution File, Format Version 12.00
# Visual Studio Version 17
VisualStudioVersion = 17.10.34928.147
MinimumVisualStudioVersion = 10.0.40219.1
Project("{9A19103F-16F7-4668-BE54-9A1E7A4F7556}") = "PostGreTestAPI", "PostGreTestAPI\PostGreTestAPI.csproj", "{D9DE22BE-CBBC-400A-AB50-D3DA9D0A217D}"
EndProject
Project("{FAE04EC0-301F-11D3-BF4B-00C04F79EFBC}") = "PostGreTestAPI.Tests", "PostGreTestAPI.Tests\PostGreTestAPI.Tests.csproj", "{0EEC43DF-89F5-42BE-BDF1-65BD31270851}"
EndProject
Global
	GlobalSection(SolutionConfigurationPlatforms) = preSolution
		Debug|Any CPU = Debug|Any CPU
		Release|Any CPU = Release|Any CPU
	EndGlobalSection
	GlobalSection(ProjectConfigurationPlatforms) = postSolution
		{D9DE22BE-CBBC-400A-AB50-D3DA9D0A217D}.Debug|Any CPU.ActiveCfg = Debug|Any CPU
		{D9DE22BE-CBBC-400A-AB50-D3DA9D0A217D}.Debug|Any CPU.Build.0 = Debug|Any CPU
		{D9DE22BE-CBBC-400A-AB50-D3DA9D0A217D}.Release|Any CPU.ActiveCfg = Release|Any CPU
		{D9DE22BE-CBBC-400A-AB50-D3DA9D0A217D}.Release|Any CPU.Build.0 = Release|Any CPU
		{0EEC43DF-89F5-42BE-BDF1-65BD31270851}.Debug|Any CPU.ActiveCfg = Debug|Any CPU
		{0EEC43DF-89F5-42BE-BDF1-65BD31270851}.Debug|Any CPU.Build.0 = Debug|Any CPU
		{0EEC43DF-89F5-42BE-BDF1-65BD31270851}.Release|Any CPU.ActiveCfg = Release|Any CPU
		{0EEC43DF-89F5-42BE-BDF1-65BD31270851}.Release|Any CPU.Build.0 = Release|Any CPU
	EndGlobalSection
	GlobalSection(SolutionProperties) = preSolution
		HideSolutionNode = FALSE
	EndGlobalSection
	GlobalSection(ExtensibilityGlobals) = postSolution
		SolutionGuid = {F93DCEA9-0ACD-4875-BD9F-422649DF0B30}
	EndGlobalSection
EndGlobal
